Microsoft Visual Studio Solution File, Format Version 12.00
# Visual Studio Version 17
VisualStudioVersion = 17.5.2.0
MinimumVisualStudioVersion = 10.0.40219.1
Project("{FAE04EC0-301F-11D3-BF4B-00C04F79EFBC}") = "tm_Map-Validation-Checker", "tm_Map-Validation-Checker.csproj", "{E21B4046-2F51-62EE-BDAF-0F3D3866B9F1}"
EndProject
Global
	GlobalSection(SolutionConfigurationPlatforms) = preSolution
		Debug|Any CPU = Debug|Any CPU
		Release|Any CPU = Release|Any CPU
	EndGlobalSection
	GlobalSection(ProjectConfigurationPlatforms) = postSolution
		{E21B4046-2F51-62EE-BDAF-0F3D3866B9F1}.Debug|Any CPU.ActiveCfg = Debug|Any CPU
		{E21B4046-2F51-62EE-BDAF-0F3D3866B9F1}.Debug|Any CPU.Build.0 = Debug|Any CPU
		{E21B4046-2F51-62EE-BDAF-0F3D3866B9F1}.Release|Any CPU.ActiveCfg = Release|Any CPU
		{E21B4046-2F51-62EE-BDAF-0F3D3866B9F1}.Release|Any CPU.Build.0 = Release|Any CPU
	EndGlobalSection
	GlobalSection(SolutionProperties) = preSolution
		HideSolutionNode = FALSE
	EndGlobalSection
	GlobalSection(ExtensibilityGlobals) = postSolution
		SolutionGuid = {AB49AFCB-B06D-437D-9BDC-BF14876E96AC}
	EndGlobalSection
EndGlobal
